
Microsoft Visual Studio Solution File, Format Version 12.00
# Visual Studio Version 17
VisualStudioVersion = 17.3.32901.215
MinimumVisualStudioVersion = 10.0.40219.1
Project("{2150E333-8FDC-42A3-9474-1A3956D46DE8}") = "Services", "Services", "{DF9CCEFC-5AD0-4D92-B93F-8728084AE144}"
EndProject
Project("{2150E333-8FDC-42A3-9474-1A3956D46DE8}") = "ConfigurationService", "ConfigurationService", "{62ADC9AF-782F-4D97-A052-F0264A72B275}"
EndProject
Project("{2150E333-8FDC-42A3-9474-1A3956D46DE8}") = "ApiGateways", "ApiGateways", "{7B04E31C-0195-4FBD-A5E7-1B6D1530A0A6}"
EndProject
Project("{2150E333-8FDC-42A3-9474-1A3956D46DE8}") = "Web.Admin", "Web.Admin", "{9DFC8576-6611-4825-A43F-0BB8B55EDC22}"
EndProject
Project("{9A19103F-16F7-4668-BE54-9A1E7A4F7556}") = "Web.Admin.GW", "ApiGateways\Web.Admin\Web.Admin.GW\Web.Admin.GW.csproj", "{9F5CBAB2-5E5B-4969-9DE6-D621BAAA3098}"
EndProject
Project("{E53339B2-1760-4266-BCC7-CA923CBCF16C}") = "docker-compose", "docker-compose.dcproj", "{CDE6FD21-BF39-43AC-B20F-AA90314036D9}"
EndProject
Project("{2150E333-8FDC-42A3-9474-1A3956D46DE8}") = "Core", "Core", "{65E34738-9C08-4E07-AD63-5C6C73E84EDF}"
EndProject
Project("{2150E333-8FDC-42A3-9474-1A3956D46DE8}") = "Infrastructure", "Infrastructure", "{A5DA08E8-12EB-430B-821F-0CC881657E52}"
EndProject
Project("{2150E333-8FDC-42A3-9474-1A3956D46DE8}") = "Presentation", "Presentation", "{F7678870-A1B3-4D91-AF50-3EDD4623907B}"
EndProject
Project("{9A19103F-16F7-4668-BE54-9A1E7A4F7556}") = "API", "Services\ConfigurationService\Presentation\API\API.csproj", "{996DC6DD-BC47-44FC-9A79-FCCC6B69DA0A}"
EndProject
Project("{9A19103F-16F7-4668-BE54-9A1E7A4F7556}") = "Persistence.Commands", "Services\ConfigurationService\Infrastructure\Persistence.Commands\Persistence.Commands.csproj", "{E61D4128-B269-495B-82E1-3F874B75B146}"
EndProject
Project("{9A19103F-16F7-4668-BE54-9A1E7A4F7556}") = "Persistence.Queries", "Services\ConfigurationService\Infrastructure\Persistence.Queries\Persistence.Queries.csproj", "{E939F74C-6280-46FF-9C39-09C068E87D51}"
EndProject
Project("{9A19103F-16F7-4668-BE54-9A1E7A4F7556}") = "Domain", "Services\ConfigurationService\Core\Domain\Domain.csproj", "{19D97DAE-3706-4DBB-85CD-969AD673A806}"
EndProject
Project("{9A19103F-16F7-4668-BE54-9A1E7A4F7556}") = "Application.Queries", "Services\ConfigurationService\Core\Application.Queries\Application.Queries.csproj", "{8E522DE6-45FA-4DA6-84B0-3B8B298DB18B}"
EndProject
Project("{9A19103F-16F7-4668-BE54-9A1E7A4F7556}") = "Application.Commands", "Services\ConfigurationService\Core\Application.Commands\Application.Commands.csproj", "{22143313-D94C-4AC3-847B-6B8C45608C0B}"
EndProject
Project("{2150E333-8FDC-42A3-9474-1A3956D46DE8}") = "Authentications", "Authentications", "{EAB47148-7309-499B-8855-7B9C4D5DE387}"
EndProject
Project("{2150E333-8FDC-42A3-9474-1A3956D46DE8}") = "BuildingBlocks", "BuildingBlocks", "{CEC91DC6-8F89-4E01-A484-85F464BA7F17}"
EndProject
Project("{2150E333-8FDC-42A3-9474-1A3956D46DE8}") = "EventBus", "EventBus", "{E49E00A1-3DF3-432B-B3C5-40049488C850}"
EndProject
Project("{2150E333-8FDC-42A3-9474-1A3956D46DE8}") = "LoggingService", "LoggingService", "{F38F7B27-188B-4E38-99C5-B2D35436D0B6}"
EndProject
Project("{2150E333-8FDC-42A3-9474-1A3956D46DE8}") = "Core", "Core", "{1C8D21F6-F68C-4EA3-91E3-606692E5E580}"
EndProject
Project("{2150E333-8FDC-42A3-9474-1A3956D46DE8}") = "Infrastructure", "Infrastructure", "{C3596CA9-1846-4BB0-8F3F-175B6DBA642A}"
EndProject
Project("{2150E333-8FDC-42A3-9474-1A3956D46DE8}") = "Presentation", "Presentation", "{F686A562-4F0D-40C3-9140-25383BC9DA4C}"
EndProject
Project("{9A19103F-16F7-4668-BE54-9A1E7A4F7556}") = "Application.Queries", "Services\LoggingService\Core\Application.Queries\Application.Queries.csproj", "{B39F5459-9A52-4A2F-8294-EB09F7F55ED1}"
EndProject
Project("{9A19103F-16F7-4668-BE54-9A1E7A4F7556}") = "Domain", "Services\LoggingService\Core\Domain\Domain.csproj", "{06738E8F-74E5-499F-9530-BA40BD66BA25}"
EndProject
Project("{9A19103F-16F7-4668-BE54-9A1E7A4F7556}") = "Infrastructure", "Services\LoggingService\Infrastructure\Infrastructure\Infrastructure.csproj", "{D2ED05D0-9905-4812-8441-4BA56A09F4B1}"
EndProject
Project("{9A19103F-16F7-4668-BE54-9A1E7A4F7556}") = "Persistence.Queries", "Services\LoggingService\Infrastructure\Persistence.Queries\Persistence.Queries.csproj", "{45E3FBAB-F824-45D2-80EA-EA115A21C06F}"
EndProject
Project("{9A19103F-16F7-4668-BE54-9A1E7A4F7556}") = "API", "Services\LoggingService\Presentation\API\API.csproj", "{7D632FAE-0371-448C-A8ED-6EAB510392A5}"
EndProject
Project("{9A19103F-16F7-4668-BE54-9A1E7A4F7556}") = "Application.Commands", "Services\LoggingService\Core\Application.Commands\Application.Commands.csproj", "{8CF257B7-3F49-4490-94C7-AD041AFE274A}"
EndProject
Project("{9A19103F-16F7-4668-BE54-9A1E7A4F7556}") = "Persistence.Commands", "Services\LoggingService\Infrastructure\Persistence.Commands\Persistence.Commands.csproj", "{0821E56A-D603-4777-9772-4EEA37647D88}"
EndProject
Project("{9A19103F-16F7-4668-BE54-9A1E7A4F7556}") = "AuthenticationService.MVC", "Authentications\AuthenticationService.MVC\AuthenticationService.MVC.csproj", "{9DF5F3CA-158D-43BE-A204-147281E64D60}"
EndProject
Project("{9A19103F-16F7-4668-BE54-9A1E7A4F7556}") = "EventBus", "BuildingBlocks\EventBus\EventBus.csproj", "{138B8BFA-0BFA-4D55-9FED-AEE027D87AFD}"
EndProject
Project("{2150E333-8FDC-42A3-9474-1A3956D46DE8}") = "WebApps", "WebApps", "{7F685AFD-7387-4234-8202-99B174573370}"
EndProject
Project("{FAE04EC0-301F-11D3-BF4B-00C04F79EFBC}") = "HealthStatus", "WebApps\HealthStatus\HealthStatus.csproj", "{294DA599-AF51-4C3D-B3BA-AF22AE895798}"
EndProject
Global
	GlobalSection(SolutionConfigurationPlatforms) = preSolution
		Debug|Any CPU = Debug|Any CPU
		Release|Any CPU = Release|Any CPU
	EndGlobalSection
	GlobalSection(ProjectConfigurationPlatforms) = postSolution
		{9F5CBAB2-5E5B-4969-9DE6-D621BAAA3098}.Debug|Any CPU.ActiveCfg = Debug|Any CPU
		{9F5CBAB2-5E5B-4969-9DE6-D621BAAA3098}.Debug|Any CPU.Build.0 = Debug|Any CPU
		{9F5CBAB2-5E5B-4969-9DE6-D621BAAA3098}.Release|Any CPU.ActiveCfg = Release|Any CPU
		{9F5CBAB2-5E5B-4969-9DE6-D621BAAA3098}.Release|Any CPU.Build.0 = Release|Any CPU
		{CDE6FD21-BF39-43AC-B20F-AA90314036D9}.Debug|Any CPU.ActiveCfg = Debug|Any CPU
		{CDE6FD21-BF39-43AC-B20F-AA90314036D9}.Debug|Any CPU.Build.0 = Debug|Any CPU
		{CDE6FD21-BF39-43AC-B20F-AA90314036D9}.Release|Any CPU.ActiveCfg = Release|Any CPU
		{CDE6FD21-BF39-43AC-B20F-AA90314036D9}.Release|Any CPU.Build.0 = Release|Any CPU
		{996DC6DD-BC47-44FC-9A79-FCCC6B69DA0A}.Debug|Any CPU.ActiveCfg = Debug|Any CPU
		{996DC6DD-BC47-44FC-9A79-FCCC6B69DA0A}.Debug|Any CPU.Build.0 = Debug|Any CPU
		{996DC6DD-BC47-44FC-9A79-FCCC6B69DA0A}.Release|Any CPU.ActiveCfg = Release|Any CPU
		{996DC6DD-BC47-44FC-9A79-FCCC6B69DA0A}.Release|Any CPU.Build.0 = Release|Any CPU
		{E61D4128-B269-495B-82E1-3F874B75B146}.Debug|Any CPU.ActiveCfg = Debug|Any CPU
		{E61D4128-B269-495B-82E1-3F874B75B146}.Debug|Any CPU.Build.0 = Debug|Any CPU
		{E61D4128-B269-495B-82E1-3F874B75B146}.Release|Any CPU.ActiveCfg = Release|Any CPU
		{E61D4128-B269-495B-82E1-3F874B75B146}.Release|Any CPU.Build.0 = Release|Any CPU
		{E939F74C-6280-46FF-9C39-09C068E87D51}.Debug|Any CPU.ActiveCfg = Debug|Any CPU
		{E939F74C-6280-46FF-9C39-09C068E87D51}.Debug|Any CPU.Build.0 = Debug|Any CPU
		{E939F74C-6280-46FF-9C39-09C068E87D51}.Release|Any CPU.ActiveCfg = Release|Any CPU
		{E939F74C-6280-46FF-9C39-09C068E87D51}.Release|Any CPU.Build.0 = Release|Any CPU
		{19D97DAE-3706-4DBB-85CD-969AD673A806}.Debug|Any CPU.ActiveCfg = Debug|Any CPU
		{19D97DAE-3706-4DBB-85CD-969AD673A806}.Debug|Any CPU.Build.0 = Debug|Any CPU
		{19D97DAE-3706-4DBB-85CD-969AD673A806}.Release|Any CPU.ActiveCfg = Release|Any CPU
		{19D97DAE-3706-4DBB-85CD-969AD673A806}.Release|Any CPU.Build.0 = Release|Any CPU
		{8E522DE6-45FA-4DA6-84B0-3B8B298DB18B}.Debug|Any CPU.ActiveCfg = Debug|Any CPU
		{8E522DE6-45FA-4DA6-84B0-3B8B298DB18B}.Debug|Any CPU.Build.0 = Debug|Any CPU
		{8E522DE6-45FA-4DA6-84B0-3B8B298DB18B}.Release|Any CPU.ActiveCfg = Release|Any CPU
		{8E522DE6-45FA-4DA6-84B0-3B8B298DB18B}.Release|Any CPU.Build.0 = Release|Any CPU
		{22143313-D94C-4AC3-847B-6B8C45608C0B}.Debug|Any CPU.ActiveCfg = Debug|Any CPU
		{22143313-D94C-4AC3-847B-6B8C45608C0B}.Debug|Any CPU.Build.0 = Debug|Any CPU
		{22143313-D94C-4AC3-847B-6B8C45608C0B}.Release|Any CPU.ActiveCfg = Release|Any CPU
		{22143313-D94C-4AC3-847B-6B8C45608C0B}.Release|Any CPU.Build.0 = Release|Any CPU
		{B39F5459-9A52-4A2F-8294-EB09F7F55ED1}.Debug|Any CPU.ActiveCfg = Debug|Any CPU
		{B39F5459-9A52-4A2F-8294-EB09F7F55ED1}.Debug|Any CPU.Build.0 = Debug|Any CPU
		{B39F5459-9A52-4A2F-8294-EB09F7F55ED1}.Release|Any CPU.ActiveCfg = Release|Any CPU
		{B39F5459-9A52-4A2F-8294-EB09F7F55ED1}.Release|Any CPU.Build.0 = Release|Any CPU
		{06738E8F-74E5-499F-9530-BA40BD66BA25}.Debug|Any CPU.ActiveCfg = Debug|Any CPU
		{06738E8F-74E5-499F-9530-BA40BD66BA25}.Debug|Any CPU.Build.0 = Debug|Any CPU
		{06738E8F-74E5-499F-9530-BA40BD66BA25}.Release|Any CPU.ActiveCfg = Release|Any CPU
		{06738E8F-74E5-499F-9530-BA40BD66BA25}.Release|Any CPU.Build.0 = Release|Any CPU
		{D2ED05D0-9905-4812-8441-4BA56A09F4B1}.Debug|Any CPU.ActiveCfg = Debug|Any CPU
		{D2ED05D0-9905-4812-8441-4BA56A09F4B1}.Debug|Any CPU.Build.0 = Debug|Any CPU
		{D2ED05D0-9905-4812-8441-4BA56A09F4B1}.Release|Any CPU.ActiveCfg = Release|Any CPU
		{D2ED05D0-9905-4812-8441-4BA56A09F4B1}.Release|Any CPU.Build.0 = Release|Any CPU
		{45E3FBAB-F824-45D2-80EA-EA115A21C06F}.Debug|Any CPU.ActiveCfg = Debug|Any CPU
		{45E3FBAB-F824-45D2-80EA-EA115A21C06F}.Debug|Any CPU.Build.0 = Debug|Any CPU
		{45E3FBAB-F824-45D2-80EA-EA115A21C06F}.Release|Any CPU.ActiveCfg = Release|Any CPU
		{45E3FBAB-F824-45D2-80EA-EA115A21C06F}.Release|Any CPU.Build.0 = Release|Any CPU
		{7D632FAE-0371-448C-A8ED-6EAB510392A5}.Debug|Any CPU.ActiveCfg = Debug|Any CPU
		{7D632FAE-0371-448C-A8ED-6EAB510392A5}.Debug|Any CPU.Build.0 = Debug|Any CPU
		{7D632FAE-0371-448C-A8ED-6EAB510392A5}.Release|Any CPU.ActiveCfg = Release|Any CPU
		{7D632FAE-0371-448C-A8ED-6EAB510392A5}.Release|Any CPU.Build.0 = Release|Any CPU
		{8CF257B7-3F49-4490-94C7-AD041AFE274A}.Debug|Any CPU.ActiveCfg = Debug|Any CPU
		{8CF257B7-3F49-4490-94C7-AD041AFE274A}.Debug|Any CPU.Build.0 = Debug|Any CPU
		{8CF257B7-3F49-4490-94C7-AD041AFE274A}.Release|Any CPU.ActiveCfg = Release|Any CPU
		{8CF257B7-3F49-4490-94C7-AD041AFE274A}.Release|Any CPU.Build.0 = Release|Any CPU
		{0821E56A-D603-4777-9772-4EEA37647D88}.Debug|Any CPU.ActiveCfg = Debug|Any CPU
		{0821E56A-D603-4777-9772-4EEA37647D88}.Debug|Any CPU.Build.0 = Debug|Any CPU
		{0821E56A-D603-4777-9772-4EEA37647D88}.Release|Any CPU.ActiveCfg = Release|Any CPU
		{0821E56A-D603-4777-9772-4EEA37647D88}.Release|Any CPU.Build.0 = Release|Any CPU
		{9DF5F3CA-158D-43BE-A204-147281E64D60}.Debug|Any CPU.ActiveCfg = Debug|Any CPU
		{9DF5F3CA-158D-43BE-A204-147281E64D60}.Debug|Any CPU.Build.0 = Debug|Any CPU
		{9DF5F3CA-158D-43BE-A204-147281E64D60}.Release|Any CPU.ActiveCfg = Release|Any CPU
		{9DF5F3CA-158D-43BE-A204-147281E64D60}.Release|Any CPU.Build.0 = Release|Any CPU
		{138B8BFA-0BFA-4D55-9FED-AEE027D87AFD}.Debug|Any CPU.ActiveCfg = Debug|Any CPU
		{138B8BFA-0BFA-4D55-9FED-AEE027D87AFD}.Debug|Any CPU.Build.0 = Debug|Any CPU
		{138B8BFA-0BFA-4D55-9FED-AEE027D87AFD}.Release|Any CPU.ActiveCfg = Release|Any CPU
		{138B8BFA-0BFA-4D55-9FED-AEE027D87AFD}.Release|Any CPU.Build.0 = Release|Any CPU
		{294DA599-AF51-4C3D-B3BA-AF22AE895798}.Debug|Any CPU.ActiveCfg = Debug|Any CPU
		{294DA599-AF51-4C3D-B3BA-AF22AE895798}.Debug|Any CPU.Build.0 = Debug|Any CPU
		{294DA599-AF51-4C3D-B3BA-AF22AE895798}.Release|Any CPU.ActiveCfg = Release|Any CPU
		{294DA599-AF51-4C3D-B3BA-AF22AE895798}.Release|Any CPU.Build.0 = Release|Any CPU
	EndGlobalSection
	GlobalSection(SolutionProperties) = preSolution
		HideSolutionNode = FALSE
	EndGlobalSection
	GlobalSection(NestedProjects) = preSolution
		{62ADC9AF-782F-4D97-A052-F0264A72B275} = {DF9CCEFC-5AD0-4D92-B93F-8728084AE144}
		{9DFC8576-6611-4825-A43F-0BB8B55EDC22} = {7B04E31C-0195-4FBD-A5E7-1B6D1530A0A6}
		{9F5CBAB2-5E5B-4969-9DE6-D621BAAA3098} = {9DFC8576-6611-4825-A43F-0BB8B55EDC22}
		{65E34738-9C08-4E07-AD63-5C6C73E84EDF} = {62ADC9AF-782F-4D97-A052-F0264A72B275}
		{A5DA08E8-12EB-430B-821F-0CC881657E52} = {62ADC9AF-782F-4D97-A052-F0264A72B275}
		{F7678870-A1B3-4D91-AF50-3EDD4623907B} = {62ADC9AF-782F-4D97-A052-F0264A72B275}
		{996DC6DD-BC47-44FC-9A79-FCCC6B69DA0A} = {F7678870-A1B3-4D91-AF50-3EDD4623907B}
		{E61D4128-B269-495B-82E1-3F874B75B146} = {A5DA08E8-12EB-430B-821F-0CC881657E52}
		{E939F74C-6280-46FF-9C39-09C068E87D51} = {A5DA08E8-12EB-430B-821F-0CC881657E52}
		{19D97DAE-3706-4DBB-85CD-969AD673A806} = {65E34738-9C08-4E07-AD63-5C6C73E84EDF}
		{8E522DE6-45FA-4DA6-84B0-3B8B298DB18B} = {65E34738-9C08-4E07-AD63-5C6C73E84EDF}
		{22143313-D94C-4AC3-847B-6B8C45608C0B} = {65E34738-9C08-4E07-AD63-5C6C73E84EDF}
		{E49E00A1-3DF3-432B-B3C5-40049488C850} = {CEC91DC6-8F89-4E01-A484-85F464BA7F17}
		{F38F7B27-188B-4E38-99C5-B2D35436D0B6} = {DF9CCEFC-5AD0-4D92-B93F-8728084AE144}
		{1C8D21F6-F68C-4EA3-91E3-606692E5E580} = {F38F7B27-188B-4E38-99C5-B2D35436D0B6}
		{C3596CA9-1846-4BB0-8F3F-175B6DBA642A} = {F38F7B27-188B-4E38-99C5-B2D35436D0B6}
		{F686A562-4F0D-40C3-9140-25383BC9DA4C} = {F38F7B27-188B-4E38-99C5-B2D35436D0B6}
		{B39F5459-9A52-4A2F-8294-EB09F7F55ED1} = {1C8D21F6-F68C-4EA3-91E3-606692E5E580}
		{06738E8F-74E5-499F-9530-BA40BD66BA25} = {1C8D21F6-F68C-4EA3-91E3-606692E5E580}
		{D2ED05D0-9905-4812-8441-4BA56A09F4B1} = {C3596CA9-1846-4BB0-8F3F-175B6DBA642A}
		{45E3FBAB-F824-45D2-80EA-EA115A21C06F} = {C3596CA9-1846-4BB0-8F3F-175B6DBA642A}
		{7D632FAE-0371-448C-A8ED-6EAB510392A5} = {F686A562-4F0D-40C3-9140-25383BC9DA4C}
		{8CF257B7-3F49-4490-94C7-AD041AFE274A} = {1C8D21F6-F68C-4EA3-91E3-606692E5E580}
		{0821E56A-D603-4777-9772-4EEA37647D88} = {C3596CA9-1846-4BB0-8F3F-175B6DBA642A}
		{9DF5F3CA-158D-43BE-A204-147281E64D60} = {EAB47148-7309-499B-8855-7B9C4D5DE387}
		{138B8BFA-0BFA-4D55-9FED-AEE027D87AFD} = {E49E00A1-3DF3-432B-B3C5-40049488C850}
		{294DA599-AF51-4C3D-B3BA-AF22AE895798} = {7F685AFD-7387-4234-8202-99B174573370}
	EndGlobalSection
	GlobalSection(ExtensibilityGlobals) = postSolution
		SolutionGuid = {E08E4CC1-247C-48F0-AC3B-9ABF828DE272}
	EndGlobalSection
EndGlobal
